{
  "name": "potluckhub",
  "lockfileVersion": 3,
  "requires": true,
  "packages": {
    "": {
      "dependencies": {
        "strict-mode": "^1.1.6"
      }
    },
    "node_modules/strict-mode": {
      "version": "1.1.6",
      "resolved": "https://registry.npmjs.org/strict-mode/-/strict-mode-1.1.6.tgz",
      "integrity": "sha512-38aFPM7s/dsfaKpI3XQw3GfPBtNkm4WzHn8HlfVrPXrKizPsqr9rP4HbsJ82qdQ8J+bMXt8cKZ1MltDvaTemDA==",
      "license": "MIT"
    }
  }
}
